<?xml version="1.0" encoding="utf-8"?>
<Project ToolsVersion="4.0" xmlns="http://schemas.microsoft.com/developer/msbuild/2003">
  <ItemGroup>
    <Filter Include="Source Files">
      <UniqueIdentifier>{4FC737F1-C7A5-4376-A066-2A32D752A2FF}</UniqueIdentifier>
      <Extensions>cpp;c;cc;cxx;def;odl;idl;hpj;bat;asm;asmx</Extensions>
    </Filter>
    <Filter Include="Header Files">
      <UniqueIdentifier>{93995380-89BD-4b04-88EB-625FBE52EBFB}</UniqueIdentifier>
      <Extensions>h;hpp;hxx;hm;inl;inc;xsd</Extensions>
    </Filter>
    <Filter Include="Resource Files">
      <UniqueIdentifier>{67DA6AB6-F800-4c08-8B7A-83BB121AAD01}</UniqueIdentifier>
      <Extensions>rc;ico;cur;bmp;dlg;rc2;rct;bin;rgs;gif;jpg;jpeg;jpe;resx;tiff;tif;png;wav</Extensions>
    </Filter>
  </ItemGroup>
  <ItemGroup>
    <ClCompile Include="graphics.cpp">
      <Filter>Source Files</Filter>
    </ClCompile>
    <ClCompile Include="input.cpp">
      <Filter>Source Files</Filter>
    </ClCompile>
    <ClCompile Include="winmain.cpp">
      <Filter>Source Files</Filter>
    </ClCompile>
    <ClCompile Include="GameSprite.cpp">
      <Filter>Source Files</Filter>
    </ClCompile>
    <ClCompile Include="Minigunner.cpp">
      <Filter>Source Files</Filter>
    </ClCompile>
    <ClCompile Include="UnitSelectCursor.cpp">
      <Filter>Source Files</Filter>
    </ClCompile>
    <ClCompile Include="Circle.cpp">
      <Filter>Source Files</Filter>
    </ClCompile>
    <ClCompile Include="GetGDIMinigunnerGameEvent.cpp">
      <Filter>Source Files</Filter>
    </ClCompile>
    <ClCompile Include="GameEvent.cpp">
      <Filter>Source Files</Filter>
    </ClCompile>
    <ClCompile Include="CreateNODMinigunnerGameEvent.cpp">
      <Filter>Source Files</Filter>
    </ClCompile>
    <ClCompile Include="GetNODMinigunnerGameEvent.cpp">
      <Filter>Source Files</Filter>
    </ClCompile>
    <ClCompile Include="TestModeRestHandler.cpp">
      <Filter>Source Files</Filter>
    </ClCompile>
    <ClCompile Include="Game.cpp">
      <Filter>Source Files</Filter>
    </ClCompile>
    <ClCompile Include="MikeRectangle.cpp">
      <Filter>Source Files</Filter>
    </ClCompile>
    <ClCompile Include="ShpImageExplorer.cpp">
      <Filter>Source Files</Filter>
    </ClCompile>
    <ClCompile Include="GameState.cpp">
      <Filter>Source Files</Filter>
    </ClCompile>
    <ClCompile Include="PlayingGameState.cpp">
      <Filter>Source Files</Filter>
    </ClCompile>
    <ClCompile Include="StackTrace.cpp">
      <Filter>Source Files</Filter>
    </ClCompile>
    <ClCompile Include="MissionAccomplishedMessage.cpp">
      <Filter>Source Files</Filter>
    </ClCompile>
    <ClCompile Include="MissionAccomplishedGameState.cpp">
      <Filter>Source Files</Filter>
    </ClCompile>
    <ClCompile Include="MissionFailedGameState.cpp">
      <Filter>Source Files</Filter>
    </ClCompile>
    <ClCompile Include="MissionFailedMessage.cpp">
      <Filter>Source Files</Filter>
    </ClCompile>
    <ClCompile Include="ResetGameGameEvent.cpp">
      <Filter>Source Files</Filter>
    </ClCompile>
    <ClCompile Include="gameevent\CreateGDIMinigunnerGameEvent.cpp">
      <Filter>Source Files</Filter>
    </ClCompile>
  </ItemGroup>
  <ItemGroup>
    <ClInclude Include="constants.h">
      <Filter>Header Files</Filter>
    </ClInclude>
    <ClInclude Include="graphics.h">
      <Filter>Header Files</Filter>
    </ClInclude>
    <ClInclude Include="input.h">
      <Filter>Header Files</Filter>
    </ClInclude>
    <ClInclude Include="gameError.h">
      <Filter>Header Files</Filter>
    </ClInclude>
    <ClInclude Include="resource1.h">
      <Filter>Header Files</Filter>
    </ClInclude>
    <ClInclude Include="GameSprite.h">
      <Filter>Header Files</Filter>
    </ClInclude>
    <ClInclude Include="Minigunner.h">
      <Filter>Header Files</Filter>
    </ClInclude>
    <ClInclude Include="UnitSelectCursor.h">
      <Filter>Header Files</Filter>
    </ClInclude>
    <ClInclude Include="Circle.h">
      <Filter>Header Files</Filter>
    </ClInclude>
    <ClInclude Include="GameEvent.h">
      <Filter>Header Files</Filter>
    </ClInclude>
    <ClInclude Include="GetGDIMinigunnerGameEvent.h">
      <Filter>Header Files</Filter>
    </ClInclude>
    <ClInclude Include="CreateNODMinigunnerGameEvent.h">
      <Filter>Header Files</Filter>
    </ClInclude>
    <ClInclude Include="GetNODMinigunnerGameEvent.h">
      <Filter>Header Files</Filter>
    </ClInclude>
    <ClInclude Include="TestModeRestHandler.h">
      <Filter>Header Files</Filter>
    </ClInclude>
    <ClInclude Include="Game.h">
      <Filter>Header Files</Filter>
    </ClInclude>
    <ClInclude Include="MikeRectangle.h">
      <Filter>Header Files</Filter>
    </ClInclude>
    <ClInclude Include="ShpImageExplorer.h">
      <Filter>Header Files</Filter>
    </ClInclude>
    <ClInclude Include="GameState.h">
      <Filter>Header Files</Filter>
    </ClInclude>
    <ClInclude Include="PlayingGameState.h">
      <Filter>Header Files</Filter>
    </ClInclude>
    <ClInclude Include="StackTrace.h">
      <Filter>Header Files</Filter>
    </ClInclude>
    <ClInclude Include="DirectXError.h">
      <Filter>Header Files</Filter>
    </ClInclude>
    <ClInclude Include="MissionAccomplishedMessage.h">
      <Filter>Header Files</Filter>
    </ClInclude>
    <ClInclude Include="MissionAccomplishedGameState.h">
      <Filter>Header Files</Filter>
    </ClInclude>
    <ClInclude Include="MissionFailedGameState.h">
      <Filter>Header Files</Filter>
    </ClInclude>
    <ClInclude Include="MissionFailedMessage.h">
      <Filter>Header Files</Filter>
    </ClInclude>
    <ClInclude Include="ResetGameGameEvent.h">
      <Filter>Header Files</Filter>
    </ClInclude>
    <ClInclude Include="gameevent\CreateGDIMinigunnerGameEvent.h">
      <Filter>Header Files</Filter>
    </ClInclude>
  </ItemGroup>
  <ItemGroup>
    <None Include="icon1.ico">
      <Filter>Resource Files</Filter>
    </None>
    <None Include="packages.config" />
    <None Include=".gitignore" />
    <None Include="README.md" />
  </ItemGroup>
  <ItemGroup>
    <ResourceCompile Include="mike-and-conquer.rc">
      <Filter>Resource Files</Filter>
    </ResourceCompile>
  </ItemGroup>
  <ItemGroup>
    <Text Include="Notes.txt" />
    <Text Include="Todos.txt" />
  </ItemGroup>
</Project>